
Microsoft Visual Studio Solution File, Format Version 12.00
# Visual Studio Version 16
VisualStudioVersion = 16.0.30907.101
MinimumVisualStudioVersion = 10.0.40219.1
Project("{FAE04EC0-301F-11D3-BF4B-00C04F79EFBC}") = "OnePhp.NetTechExam", "OnePhp.NetTechExam.csproj", "{5EDAE191-7979-47EB-A61C-E7B3C8C9C554}"
EndProject
Global
	GlobalSection(SolutionConfigurationPlatforms) = preSolution
		Debug|Any CPU = Debug|Any CPU
		Release|Any CPU = Release|Any CPU
	EndGlobalSection
	GlobalSection(ProjectConfigurationPlatforms) = postSolution
		{5EDAE191-7979-47EB-A61C-E7B3C8C9C554}.Debug|Any CPU.ActiveCfg = Debug|Any CPU
		{5EDAE191-7979-47EB-A61C-E7B3C8C9C554}.Debug|Any CPU.Build.0 = Debug|Any CPU
		{5EDAE191-7979-47EB-A61C-E7B3C8C9C554}.Release|Any CPU.ActiveCfg = Release|Any CPU
		{5EDAE191-7979-47EB-A61C-E7B3C8C9C554}.Release|Any CPU.Build.0 = Release|Any CPU
	EndGlobalSection
	GlobalSection(SolutionProperties) = preSolution
		HideSolutionNode = FALSE
	EndGlobalSection
	GlobalSection(ExtensibilityGlobals) = postSolution
		SolutionGuid = {DE38B722-71E9-48D9-B857-02D54A6DAC45}
	EndGlobalSection
EndGlobal
